// !$*UTF8*$!
{
	archiveVersion = 1;
	classes = {
	};
	objectVersion = 56;
	objects = {

/* Begin PBXBuildFile section */
		0B3534F82C5394AA00F4B57C /* LoginKey.plist in Resources */ = {isa = PBXBuildFile; fileRef = 0B3534F72C5394AA00F4B57C /* LoginKey.plist */; };
		0B3534FB2C53A41700F4B57C /* UserDefaultsManager.swift in Sources */ = {isa = PBXBuildFile; fileRef = 0B3534FA2C53A41700F4B57C /* UserDefaultsManager.swift */; };
		0B3FEC182C54CFE400C555CB /* GoogleSignIn in Frameworks */ = {isa = PBXBuildFile; productRef = 0B3FEC172C54CFE400C555CB /* GoogleSignIn */; };
		0B3FEC1A2C54CFE400C555CB /* GoogleSignInSwift in Frameworks */ = {isa = PBXBuildFile; productRef = 0B3FEC192C54CFE400C555CB /* GoogleSignInSwift */; };
		0B8BB2A32C5CC0D5009003B5 /* AppleSignInView.swift in Sources */ = {isa = PBXBuildFile; fileRef = 0B8BB2A22C5CC0D5009003B5 /* AppleSignInView.swift */; };
		0B8BB2A52C5CC104009003B5 /* GitHubSignInView.swift in Sources */ = {isa = PBXBuildFile; fileRef = 0B8BB2A42C5CC104009003B5 /* GitHubSignInView.swift */; };
		0B8BB2A72C5CF07A009003B5 /* AuthViewModel.swift in Sources */ = {isa = PBXBuildFile; fileRef = 0B8BB2A62C5CF07A009003B5 /* AuthViewModel.swift */; };
		0B8BB2A92C5CF106009003B5 /* HomeView.swift in Sources */ = {isa = PBXBuildFile; fileRef = 0B8BB2A82C5CF106009003B5 /* HomeView.swift */; };
		0B8BB2B22C5D2C02009003B5 /* AppleSignInViewModel.swift in Sources */ = {isa = PBXBuildFile; fileRef = 0B8BB2B12C5D2C02009003B5 /* AppleSignInViewModel.swift */; };
		0B8BB2B42C5D2C0D009003B5 /* GitHubSignInViewModel.swift in Sources */ = {isa = PBXBuildFile; fileRef = 0B8BB2B32C5D2C0D009003B5 /* GitHubSignInViewModel.swift */; };
		0BA7CD4C2C5E2B240061CB59 /* GithubLinkView.swift in Sources */ = {isa = PBXBuildFile; fileRef = 0BA7CD4B2C5E2B240061CB59 /* GithubLinkView.swift */; };
		0BC977C52C4E1DF600BE0EC1 /* GITHERBApp.swift in Sources */ = {isa = PBXBuildFile; fileRef = 0BC977C42C4E1DF600BE0EC1 /* GITHERBApp.swift */; };
		0BC977C92C4E1DF800BE0EC1 /* Assets.xcassets in Resources */ = {isa = PBXBuildFile; fileRef = 0BC977C82C4E1DF800BE0EC1 /* Assets.xcassets */; };
		0BC977CC2C4E1DF800BE0EC1 /* Preview Assets.xcassets in Resources */ = {isa = PBXBuildFile; fileRef = 0BC977CB2C4E1DF800BE0EC1 /* Preview Assets.xcassets */; };
		0BD423E12C4E219E005E4D63 /* FirebaseAnalytics in Frameworks */ = {isa = PBXBuildFile; productRef = 0BD423E02C4E219E005E4D63 /* FirebaseAnalytics */; };
		0BD423EC2C4E21D0005E4D63 /* FirebaseAuth in Frameworks */ = {isa = PBXBuildFile; productRef = 0BD423EB2C4E21D0005E4D63 /* FirebaseAuth */; };
		0BD423EE2C4E21D0005E4D63 /* FirebaseFirestore in Frameworks */ = {isa = PBXBuildFile; productRef = 0BD423ED2C4E21D0005E4D63 /* FirebaseFirestore */; };
		0BD423F42C4E257A005E4D63 /* MainContentView.swift in Sources */ = {isa = PBXBuildFile; fileRef = 0BD423F32C4E257A005E4D63 /* MainContentView.swift */; };
		0BD423F62C4E258D005E4D63 /* TodoContentView.swift in Sources */ = {isa = PBXBuildFile; fileRef = 0BD423F52C4E258D005E4D63 /* TodoContentView.swift */; };
		0BD423F82C4E25CB005E4D63 /* CalendarContentView.swift in Sources */ = {isa = PBXBuildFile; fileRef = 0BD423F72C4E25CB005E4D63 /* CalendarContentView.swift */; };
		0BD423FA2C4E25D7005E4D63 /* ProfileContentView.swift in Sources */ = {isa = PBXBuildFile; fileRef = 0BD423F92C4E25D7005E4D63 /* ProfileContentView.swift */; };
		0BD423FC2C4E27C7005E4D63 /* Launch Screen.storyboard in Resources */ = {isa = PBXBuildFile; fileRef = 0BD423FB2C4E27C7005E4D63 /* Launch Screen.storyboard */; };
		0BD423FE2C4E3A46005E4D63 /* GoogleService-Info.plist in Resources */ = {isa = PBXBuildFile; fileRef = 0BD423FD2C4E3A46005E4D63 /* GoogleService-Info.plist */; };
/* End PBXBuildFile section */

/* Begin PBXFileReference section */
		0B3534F72C5394AA00F4B57C /* LoginKey.plist */ = {isa = PBXFileReference; lastKnownFileType = text.plist.xml; path = LoginKey.plist; sourceTree = "<group>"; };
		0B3534FA2C53A41700F4B57C /* UserDefaultsManager.swift */ = {isa = PBXFileReference; lastKnownFileType = sourcecode.swift; path = UserDefaultsManager.swift; sourceTree = "<group>"; };
		0B5570B02C54F3A100454FAF /* GITHERB.entitlements */ = {isa = PBXFileReference; lastKnownFileType = text.plist.entitlements; path = GITHERB.entitlements; sourceTree = "<group>"; };
		0B817AF12C52153A009DD1C0 /* Info.plist */ = {isa = PBXFileReference; lastKnownFileType = text.plist; path = Info.plist; sourceTree = "<group>"; };
		0B8BB2A22C5CC0D5009003B5 /* AppleSignInView.swift */ = {isa = PBXFileReference; lastKnownFileType = sourcecode.swift; path = AppleSignInView.swift; sourceTree = "<group>"; };
		0B8BB2A42C5CC104009003B5 /* GitHubSignInView.swift */ = {isa = PBXFileReference; lastKnownFileType = sourcecode.swift; path = GitHubSignInView.swift; sourceTree = "<group>"; };
		0B8BB2A62C5CF07A009003B5 /* AuthViewModel.swift */ = {isa = PBXFileReference; lastKnownFileType = sourcecode.swift; path = AuthViewModel.swift; sourceTree = "<group>"; };
		0B8BB2A82C5CF106009003B5 /* HomeView.swift */ = {isa = PBXFileReference; lastKnownFileType = sourcecode.swift; path = HomeView.swift; sourceTree = "<group>"; };
		0B8BB2B12C5D2C02009003B5 /* AppleSignInViewModel.swift */ = {isa = PBXFileReference; lastKnownFileType = sourcecode.swift; path = AppleSignInViewModel.swift; sourceTree = "<group>"; };
		0B8BB2B32C5D2C0D009003B5 /* GitHubSignInViewModel.swift */ = {isa = PBXFileReference; lastKnownFileType = sourcecode.swift; path = GitHubSignInViewModel.swift; sourceTree = "<group>"; };
		0BA7CD4B2C5E2B240061CB59 /* GithubLinkView.swift */ = {isa = PBXFileReference; lastKnownFileType = sourcecode.swift; path = GithubLinkView.swift; sourceTree = "<group>"; };
		0BC977C12C4E1DF600BE0EC1 /* GITHERB.app */ = {isa = PBXFileReference; explicitFileType = wrapper.application; includeInIndex = 0; path = GITHERB.app; sourceTree = BUILT_PRODUCTS_DIR; };
		0BC977C42C4E1DF600BE0EC1 /* GITHERBApp.swift */ = {isa = PBXFileReference; lastKnownFileType = sourcecode.swift; path = GITHERBApp.swift; sourceTree = "<group>"; };
		0BC977C82C4E1DF800BE0EC1 /* Assets.xcassets */ = {isa = PBXFileReference; lastKnownFileType = folder.assetcatalog; path = Assets.xcassets; sourceTree = "<group>"; };
		0BC977CB2C4E1DF800BE0EC1 /* Preview Assets.xcassets */ = {isa = PBXFileReference; lastKnownFileType = folder.assetcatalog; path = "Preview Assets.xcassets"; sourceTree = "<group>"; };
		0BD423F32C4E257A005E4D63 /* MainContentView.swift */ = {isa = PBXFileReference; lastKnownFileType = sourcecode.swift; path = MainContentView.swift; sourceTree = "<group>"; };
		0BD423F52C4E258D005E4D63 /* TodoContentView.swift */ = {isa = PBXFileReference; lastKnownFileType = sourcecode.swift; path = TodoContentView.swift; sourceTree = "<group>"; };
		0BD423F72C4E25CB005E4D63 /* CalendarContentView.swift */ = {isa = PBXFileReference; lastKnownFileType = sourcecode.swift; path = CalendarContentView.swift; sourceTree = "<group>"; };
		0BD423F92C4E25D7005E4D63 /* ProfileContentView.swift */ = {isa = PBXFileReference; lastKnownFileType = sourcecode.swift; path = ProfileContentView.swift; sourceTree = "<group>"; };
		0BD423FB2C4E27C7005E4D63 /* Launch Screen.storyboard */ = {isa = PBXFileReference; lastKnownFileType = file.storyboard; path = "Launch Screen.storyboard"; sourceTree = "<group>"; };
		0BD423FD2C4E3A46005E4D63 /* GoogleService-Info.plist */ = {isa = PBXFileReference; fileEncoding = 4; lastKnownFileType = text.plist.xml; path = "GoogleService-Info.plist"; sourceTree = "<group>"; };
/* End PBXFileReference section */

/* Begin PBXFrameworksBuildPhase section */
		0BC977BE2C4E1DF600BE0EC1 /* Frameworks */ = {
			isa = PBXFrameworksBuildPhase;
			buildActionMask = 2147483647;
			files = (
				0B3FEC1A2C54CFE400C555CB /* GoogleSignInSwift in Frameworks */,
				0BD423E12C4E219E005E4D63 /* FirebaseAnalytics in Frameworks */,
				0B3FEC182C54CFE400C555CB /* GoogleSignIn in Frameworks */,
				0BD423EC2C4E21D0005E4D63 /* FirebaseAuth in Frameworks */,
				0BD423EE2C4E21D0005E4D63 /* FirebaseFirestore in Frameworks */,
			);
			runOnlyForDeploymentPostprocessing = 0;
		};
/* End PBXFrameworksBuildPhase section */

/* Begin PBXGroup section */
		0B3534F92C53A40300F4B57C /* Manager */ = {
			isa = PBXGroup;
			children = (
				0B3534FA2C53A41700F4B57C /* UserDefaultsManager.swift */,
			);
			path = Manager;
			sourceTree = "<group>";
		};
		0B8BB2AC2C5D1861009003B5 /* Auth */ = {
			isa = PBXGroup;
			children = (
				0B8BB2A82C5CF106009003B5 /* HomeView.swift */,
				0B8BB2A22C5CC0D5009003B5 /* AppleSignInView.swift */,
				0B8BB2A42C5CC104009003B5 /* GitHubSignInView.swift */,
				0BA7CD4B2C5E2B240061CB59 /* GithubLinkView.swift */,
			);
			path = Auth;
			sourceTree = "<group>";
		};
		0BC977B82C4E1DF600BE0EC1 = {
			isa = PBXGroup;
			children = (
				0BC977C32C4E1DF600BE0EC1 /* GITHERB */,
				0BC977C22C4E1DF600BE0EC1 /* Products */,
				0BD423EA2C4E21CF005E4D63 /* Frameworks */,
			);
			sourceTree = "<group>";
		};
		0BC977C22C4E1DF600BE0EC1 /* Products */ = {
			isa = PBXGroup;
			children = (
				0BC977C12C4E1DF600BE0EC1 /* GITHERB.app */,
			);
			name = Products;
			sourceTree = "<group>";
		};
		0BC977C32C4E1DF600BE0EC1 /* GITHERB */ = {
			isa = PBXGroup;
			children = (
				0B5570B02C54F3A100454FAF /* GITHERB.entitlements */,
				0B3534F92C53A40300F4B57C /* Manager */,
				0BD423F02C4E24FD005E4D63 /* View */,
				0BD423F12C4E2505005E4D63 /* ViewModel */,
				0BC977C42C4E1DF600BE0EC1 /* GITHERBApp.swift */,
				0BD423FB2C4E27C7005E4D63 /* Launch Screen.storyboard */,
				0BC977C82C4E1DF800BE0EC1 /* Assets.xcassets */,
				0B817AF12C52153A009DD1C0 /* Info.plist */,
				0B3534F72C5394AA00F4B57C /* LoginKey.plist */,
				0BD423FD2C4E3A46005E4D63 /* GoogleService-Info.plist */,
				0BC977CA2C4E1DF800BE0EC1 /* Preview Content */,
			);
			path = GITHERB;
			sourceTree = "<group>";
		};
		0BC977CA2C4E1DF800BE0EC1 /* Preview Content */ = {
			isa = PBXGroup;
			children = (
				0BC977CB2C4E1DF800BE0EC1 /* Preview Assets.xcassets */,
			);
			path = "Preview Content";
			sourceTree = "<group>";
		};
		0BD423EA2C4E21CF005E4D63 /* Frameworks */ = {
			isa = PBXGroup;
			children = (
			);
			name = Frameworks;
			sourceTree = "<group>";
		};
		0BD423F02C4E24FD005E4D63 /* View */ = {
			isa = PBXGroup;
			children = (
				0B8BB2AC2C5D1861009003B5 /* Auth */,
				0BD423F32C4E257A005E4D63 /* MainContentView.swift */,
				0BD423F72C4E25CB005E4D63 /* CalendarContentView.swift */,
				0BD423F52C4E258D005E4D63 /* TodoContentView.swift */,
				0BD423F92C4E25D7005E4D63 /* ProfileContentView.swift */,
			);
			path = View;
			sourceTree = "<group>";
		};
		0BD423F12C4E2505005E4D63 /* ViewModel */ = {
			isa = PBXGroup;
			children = (
				0B8BB2A62C5CF07A009003B5 /* AuthViewModel.swift */,
				0B8BB2B12C5D2C02009003B5 /* AppleSignInViewModel.swift */,
				0B8BB2B32C5D2C0D009003B5 /* GitHubSignInViewModel.swift */,
			);
			path = ViewModel;
			sourceTree = "<group>";
		};
/* End PBXGroup section */

/* Begin PBXNativeTarget section */
		0BC977C02C4E1DF600BE0EC1 /* GITHERB */ = {
			isa = PBXNativeTarget;
			buildConfigurationList = 0BC977CF2C4E1DF800BE0EC1 /* Build configuration list for PBXNativeTarget "GITHERB" */;
			buildPhases = (
				0BC977BD2C4E1DF600BE0EC1 /* Sources */,
				0BC977BE2C4E1DF600BE0EC1 /* Frameworks */,
				0BC977BF2C4E1DF600BE0EC1 /* Resources */,
			);
			buildRules = (
			);
			dependencies = (
			);
			name = GITHERB;
			packageProductDependencies = (
				0BD423E02C4E219E005E4D63 /* FirebaseAnalytics */,
				0BD423EB2C4E21D0005E4D63 /* FirebaseAuth */,
				0BD423ED2C4E21D0005E4D63 /* FirebaseFirestore */,
				0B3FEC172C54CFE400C555CB /* GoogleSignIn */,
				0B3FEC192C54CFE400C555CB /* GoogleSignInSwift */,
			);
			productName = GITHERB;
			productReference = 0BC977C12C4E1DF600BE0EC1 /* GITHERB.app */;
			productType = "com.apple.product-type.application";
		};
/* End PBXNativeTarget section */

/* Begin PBXProject section */
		0BC977B92C4E1DF600BE0EC1 /* Project object */ = {
			isa = PBXProject;
			attributes = {
				BuildIndependentTargetsInParallel = 1;
				LastSwiftUpdateCheck = 1510;
				LastUpgradeCheck = 1510;
				TargetAttributes = {
					0BC977C02C4E1DF600BE0EC1 = {
						CreatedOnToolsVersion = 15.1;
					};
				};
			};
			buildConfigurationList = 0BC977BC2C4E1DF600BE0EC1 /* Build configuration list for PBXProject "GITHERB" */;
			compatibilityVersion = "Xcode 14.0";
			developmentRegion = en;
			hasScannedForEncodings = 0;
			knownRegions = (
				en,
				Base,
			);
			mainGroup = 0BC977B82C4E1DF600BE0EC1;
			packageReferences = (
				0BD423DF2C4E219E005E4D63 /* XCRemoteSwiftPackageReference "firebase-ios-sdk" */,
				0B3FEC162C54CFE400C555CB /* XCRemoteSwiftPackageReference "GoogleSignIn-iOS" */,
			);
			productRefGroup = 0BC977C22C4E1DF600BE0EC1 /* Products */;
			projectDirPath = "";
			projectRoot = "";
			targets = (
				0BC977C02C4E1DF600BE0EC1 /* GITHERB */,
			);
		};
/* End PBXProject section */

/* Begin PBXResourcesBuildPhase section */
		0BC977BF2C4E1DF600BE0EC1 /* Resources */ = {
			isa = PBXResourcesBuildPhase;
			buildActionMask = 2147483647;
			files = (
				0B3534F82C5394AA00F4B57C /* LoginKey.plist in Resources */,
				0BC977CC2C4E1DF800BE0EC1 /* Preview Assets.xcassets in Resources */,
				0BD423FE2C4E3A46005E4D63 /* GoogleService-Info.plist in Resources */,
				0BC977C92C4E1DF800BE0EC1 /* Assets.xcassets in Resources */,
				0BD423FC2C4E27C7005E4D63 /* Launch Screen.storyboard in Resources */,
			);
			runOnlyForDeploymentPostprocessing = 0;
		};
/* End PBXResourcesBuildPhase section */

/* Begin PBXSourcesBuildPhase section */
		0BC977BD2C4E1DF600BE0EC1 /* Sources */ = {
			isa = PBXSourcesBuildPhase;
			buildActionMask = 2147483647;
			files = (
				0BD423FA2C4E25D7005E4D63 /* ProfileContentView.swift in Sources */,
				0BA7CD4C2C5E2B240061CB59 /* GithubLinkView.swift in Sources */,
				0BD423F62C4E258D005E4D63 /* TodoContentView.swift in Sources */,
				0B8BB2A92C5CF106009003B5 /* HomeView.swift in Sources */,
				0B8BB2A32C5CC0D5009003B5 /* AppleSignInView.swift in Sources */,
				0B3534FB2C53A41700F4B57C /* UserDefaultsManager.swift in Sources */,
				0B8BB2B42C5D2C0D009003B5 /* GitHubSignInViewModel.swift in Sources */,
				0B8BB2A52C5CC104009003B5 /* GitHubSignInView.swift in Sources */,
				0B8BB2A72C5CF07A009003B5 /* AuthViewModel.swift in Sources */,
				0BC977C52C4E1DF600BE0EC1 /* GITHERBApp.swift in Sources */,
				0BD423F82C4E25CB005E4D63 /* CalendarContentView.swift in Sources */,
				0BD423F42C4E257A005E4D63 /* MainContentView.swift in Sources */,
				0B8BB2B22C5D2C02009003B5 /* AppleSignInViewModel.swift in Sources */,
			);
			runOnlyForDeploymentPostprocessing = 0;
		};
/* End PBXSourcesBuildPhase section */

/* Begin XCBuildConfiguration section */
		0BC977CD2C4E1DF800BE0EC1 /* Debug */ = {
			isa = XCBuildConfiguration;
			buildSettings = {
				ALWAYS_SEARCH_USER_PATHS = NO;
				ASSETCATALOG_COMPILER_GENERATE_SWIFT_ASSET_SYMBOL_EXTENSIONS = YES;
				CLANG_ANALYZER_NONNULL = YES;
				CLANG_ANALYZER_NUMBER_OBJECT_CONVERSION = YES_AGGRESSIVE;
				CLANG_CXX_LANGUAGE_STANDARD = "gnu++20";
				CLANG_ENABLE_MODULES = YES;
				CLANG_ENABLE_OBJC_ARC = YES;
				CLANG_ENABLE_OBJC_WEAK = YES;
				CLANG_WARN_BLOCK_CAPTURE_AUTORELEASING = YES;
				CLANG_WARN_BOOL_CONVERSION = YES;
				CLANG_WARN_COMMA = YES;
				CLANG_WARN_CONSTANT_CONVERSION = YES;
				CLANG_WARN_DEPRECATED_OBJC_IMPLEMENTATIONS = YES;
				CLANG_WARN_DIRECT_OBJC_ISA_USAGE = YES_ERROR;
				CLANG_WARN_DOCUMENTATION_COMMENTS = YES;
				CLANG_WARN_EMPTY_BODY = YES;
				CLANG_WARN_ENUM_CONVERSION = YES;
				CLANG_WARN_INFINITE_RECURSION = YES;
				CLANG_WARN_INT_CONVERSION = YES;
				CLANG_WARN_NON_LITERAL_NULL_CONVERSION = YES;
				CLANG_WARN_OBJC_IMPLICIT_RETAIN_SELF = YES;
				CLANG_WARN_OBJC_LITERAL_CONVERSION = YES;
				CLANG_WARN_OBJC_ROOT_CLASS = YES_ERROR;
				CLANG_WARN_QUOTED_INCLUDE_IN_FRAMEWORK_HEADER = YES;
				CLANG_WARN_RANGE_LOOP_ANALYSIS = YES;
				CLANG_WARN_STRICT_PROTOTYPES = YES;
				CLANG_WARN_SUSPICIOUS_MOVE = YES;
				CLANG_WARN_UNGUARDED_AVAILABILITY = YES_AGGRESSIVE;
				CLANG_WARN_UNREACHABLE_CODE = YES;
				CLANG_WARN__DUPLICATE_METHOD_MATCH = YES;
				COPY_PHASE_STRIP = NO;
				DEBUG_INFORMATION_FORMAT = dwarf;
				ENABLE_STRICT_OBJC_MSGSEND = YES;
				ENABLE_TESTABILITY = YES;
				ENABLE_USER_SCRIPT_SANDBOXING = YES;
				GCC_C_LANGUAGE_STANDARD = gnu17;
				GCC_DYNAMIC_NO_PIC = NO;
				GCC_NO_COMMON_BLOCKS = YES;
				GCC_OPTIMIZATION_LEVEL = 0;
				GCC_PREPROCESSOR_DEFINITIONS = (
					"DEBUG=1",
					"$(inherited)",
				);
				GCC_WARN_64_TO_32_BIT_CONVERSION = YES;
				GCC_WARN_ABOUT_RETURN_TYPE = YES_ERROR;
				GCC_WARN_UNDECLARED_SELECTOR = YES;
				GCC_WARN_UNINITIALIZED_AUTOS = YES_AGGRESSIVE;
				GCC_WARN_UNUSED_FUNCTION = YES;
				GCC_WARN_UNUSED_VARIABLE = YES;
				IPHONEOS_DEPLOYMENT_TARGET = 17.2;
				LOCALIZATION_PREFERS_STRING_CATALOGS = YES;
				MTL_ENABLE_DEBUG_INFO = INCLUDE_SOURCE;
				MTL_FAST_MATH = YES;
				ONLY_ACTIVE_ARCH = YES;
				SDKROOT = iphoneos;
				SWIFT_ACTIVE_COMPILATION_CONDITIONS = "DEBUG $(inherited)";
				SWIFT_OPTIMIZATION_LEVEL = "-Onone";
			};
			name = Debug;
		};
		0BC977CE2C4E1DF800BE0EC1 /* Release */ = {
			isa = XCBuildConfiguration;
			buildSettings = {
				ALWAYS_SEARCH_USER_PATHS = NO;
				ASSETCATALOG_COMPILER_GENERATE_SWIFT_ASSET_SYMBOL_EXTENSIONS = YES;
				CLANG_ANALYZER_NONNULL = YES;
				CLANG_ANALYZER_NUMBER_OBJECT_CONVERSION = YES_AGGRESSIVE;
				CLANG_CXX_LANGUAGE_STANDARD = "gnu++20";
				CLANG_ENABLE_MODULES = YES;
				CLANG_ENABLE_OBJC_ARC = YES;
				CLANG_ENABLE_OBJC_WEAK = YES;
				CLANG_WARN_BLOCK_CAPTURE_AUTORELEASING = YES;
				CLANG_WARN_BOOL_CONVERSION = YES;
				CLANG_WARN_COMMA = YES;
				CLANG_WARN_CONSTANT_CONVERSION = YES;
				CLANG_WARN_DEPRECATED_OBJC_IMPLEMENTATIONS = YES;
				CLANG_WARN_DIRECT_OBJC_ISA_USAGE = YES_ERROR;
				CLANG_WARN_DOCUMENTATION_COMMENTS = YES;
				CLANG_WARN_EMPTY_BODY = YES;
				CLANG_WARN_ENUM_CONVERSION = YES;
				CLANG_WARN_INFINITE_RECURSION = YES;
				CLANG_WARN_INT_CONVERSION = YES;
				CLANG_WARN_NON_LITERAL_NULL_CONVERSION = YES;
				CLANG_WARN_OBJC_IMPLICIT_RETAIN_SELF = YES;
				CLANG_WARN_OBJC_LITERAL_CONVERSION = YES;
				CLANG_WARN_OBJC_ROOT_CLASS = YES_ERROR;
				CLANG_WARN_QUOTED_INCLUDE_IN_FRAMEWORK_HEADER = YES;
				CLANG_WARN_RANGE_LOOP_ANALYSIS = YES;
				CLANG_WARN_STRICT_PROTOTYPES = YES;
				CLANG_WARN_SUSPICIOUS_MOVE = YES;
				CLANG_WARN_UNGUARDED_AVAILABILITY = YES_AGGRESSIVE;
				CLANG_WARN_UNREACHABLE_CODE = YES;
				CLANG_WARN__DUPLICATE_METHOD_MATCH = YES;
				COPY_PHASE_STRIP = NO;
				DEBUG_INFORMATION_FORMAT = "dwarf-with-dsym";
				ENABLE_NS_ASSERTIONS = NO;
				ENABLE_STRICT_OBJC_MSGSEND = YES;
				ENABLE_USER_SCRIPT_SANDBOXING = YES;
				GCC_C_LANGUAGE_STANDARD = gnu17;
				GCC_NO_COMMON_BLOCKS = YES;
				GCC_WARN_64_TO_32_BIT_CONVERSION = YES;
				GCC_WARN_ABOUT_RETURN_TYPE = YES_ERROR;
				GCC_WARN_UNDECLARED_SELECTOR = YES;
				GCC_WARN_UNINITIALIZED_AUTOS = YES_AGGRESSIVE;
				GCC_WARN_UNUSED_FUNCTION = YES;
				GCC_WARN_UNUSED_VARIABLE = YES;
				IPHONEOS_DEPLOYMENT_TARGET = 17.2;
				LOCALIZATION_PREFERS_STRING_CATALOGS = YES;
				MTL_ENABLE_DEBUG_INFO = NO;
				MTL_FAST_MATH = YES;
				SDKROOT = iphoneos;
				SWIFT_COMPILATION_MODE = wholemodule;
				VALIDATE_PRODUCT = YES;
			};
			name = Release;
		};
		0BC977D02C4E1DF800BE0EC1 /* Debug */ = {
			isa = XCBuildConfiguration;
			buildSettings = {
				ASSETCATALOG_COMPILER_APPICON_NAME = AppIcon;
				ASSETCATALOG_COMPILER_GLOBAL_ACCENT_COLOR_NAME = AccentColor;
				CODE_SIGN_ENTITLEMENTS = GITHERB/GITHERB.entitlements;
				CODE_SIGN_STYLE = Automatic;
				CURRENT_PROJECT_VERSION = 1;
				DEVELOPMENT_ASSET_PATHS = "\"GITHERB/Preview Content\"";
				DEVELOPMENT_TEAM = KWVJ99C465;
				ENABLE_PREVIEWS = YES;
				GENERATE_INFOPLIST_FILE = YES;
				INFOPLIST_FILE = GITHERB/Info.plist;
				INFOPLIST_KEY_UIApplicationSceneManifest_Generation = YES;
				INFOPLIST_KEY_UIApplicationSupportsIndirectInputEvents = YES;
				INFOPLIST_KEY_UILaunchScreen_Generation = YES;
				INFOPLIST_KEY_UILaunchStoryboardName = "Launch Screen.storyboard";
				INFOPLIST_KEY_UISupportedInterfaceOrientations_iPad = "UIInterfaceOrientationPortrait UIInterfaceOrientationPortraitUpsideDown UIInterfaceOrientationLandscapeLeft UIInterfaceOrientationLandscapeRight";
				INFOPLIST_KEY_UISupportedInterfaceOrientations_iPhone = "UIInterfaceOrientationPortrait UIInterfaceOrientationLandscapeLeft UIInterfaceOrientationLandscapeRight";
				LD_RUNPATH_SEARCH_PATHS = (
					"$(inherited)",
					"@executable_path/Frameworks",
				);
				MARKETING_VERSION = 1.0;
				PRODUCT_BUNDLE_IDENTIFIER = kr.xoul.GITHERB;
				PRODUCT_NAME = "$(TARGET_NAME)";
				SWIFT_EMIT_LOC_STRINGS = YES;
				SWIFT_VERSION = 5.0;
				TARGETED_DEVICE_FAMILY = "1,2";
			};
			name = Debug;
		};
		0BC977D12C4E1DF800BE0EC1 /* Release */ = {
			isa = XCBuildConfiguration;
			buildSettings = {
				ASSETCATALOG_COMPILER_APPICON_NAME = AppIcon;
				ASSETCATALOG_COMPILER_GLOBAL_ACCENT_COLOR_NAME = AccentColor;
				CODE_SIGN_ENTITLEMENTS = GITHERB/GITHERB.entitlements;
				CODE_SIGN_STYLE = Automatic;
				CURRENT_PROJECT_VERSION = 1;
				DEVELOPMENT_ASSET_PATHS = "\"GITHERB/Preview Content\"";
				DEVELOPMENT_TEAM = KWVJ99C465;
				ENABLE_PREVIEWS = YES;
				GENERATE_INFOPLIST_FILE = YES;
				INFOPLIST_FILE = GITHERB/Info.plist;
				INFOPLIST_KEY_UIApplicationSceneManifest_Generation = YES;
				INFOPLIST_KEY_UIApplicationSupportsIndirectInputEvents = YES;
				INFOPLIST_KEY_UILaunchScreen_Generation = YES;
				INFOPLIST_KEY_UILaunchStoryboardName = "Launch Screen.storyboard";
				INFOPLIST_KEY_UISupportedInterfaceOrientations_iPad = "UIInterfaceOrientationPortrait UIInterfaceOrientationPortraitUpsideDown UIInterfaceOrientationLandscapeLeft UIInterfaceOrientationLandscapeRight";
				INFOPLIST_KEY_UISupportedInterfaceOrientations_iPhone = "UIInterfaceOrientationPortrait UIInterfaceOrientationLandscapeLeft UIInterfaceOrientationLandscapeRight";
				LD_RUNPATH_SEARCH_PATHS = (
					"$(inherited)",
					"@executable_path/Frameworks",
				);
				MARKETING_VERSION = 1.0;
				PRODUCT_BUNDLE_IDENTIFIER = kr.xoul.GITHERB;
				PRODUCT_NAME = "$(TARGET_NAME)";
				SWIFT_EMIT_LOC_STRINGS = YES;
				SWIFT_VERSION = 5.0;
				TARGETED_DEVICE_FAMILY = "1,2";
			};
			name = Release;
		};
/* End XCBuildConfiguration section */

/* Begin XCConfigurationList section */
		0BC977BC2C4E1DF600BE0EC1 /* Build configuration list for PBXProject "GITHERB" */ = {
			isa = XCConfigurationList;
			buildConfigurations = (
				0BC977CD2C4E1DF800BE0EC1 /* Debug */,
				0BC977CE2C4E1DF800BE0EC1 /* Release */,
			);
			defaultConfigurationIsVisible = 0;
			defaultConfigurationName = Release;
		};
		0BC977CF2C4E1DF800BE0EC1 /* Build configuration list for PBXNativeTarget "GITHERB" */ = {
			isa = XCConfigurationList;
			buildConfigurations = (
				0BC977D02C4E1DF800BE0EC1 /* Debug */,
				0BC977D12C4E1DF800BE0EC1 /* Release */,
			);
			defaultConfigurationIsVisible = 0;
			defaultConfigurationName = Release;
		};
/* End XCConfigurationList section */

/* Begin XCRemoteSwiftPackageReference section */
		0B3FEC162C54CFE400C555CB /* XCRemoteSwiftPackageReference "GoogleSignIn-iOS" */ = {
			isa = XCRemoteSwiftPackageReference;
			repositoryURL = "https://github.com/google/GoogleSignIn-iOS";
			requirement = {
				kind = upToNextMajorVersion;
				minimumVersion = 7.1.0;
			};
		};
		0BD423DF2C4E219E005E4D63 /* XCRemoteSwiftPackageReference "firebase-ios-sdk" */ = {
			isa = XCRemoteSwiftPackageReference;
			repositoryURL = "https://github.com/firebase/firebase-ios-sdk.git";
			requirement = {
				kind = upToNextMajorVersion;
				minimumVersion = 10.29.0;
			};
		};
/* End XCRemoteSwiftPackageReference section */

/* Begin XCSwiftPackageProductDependency section */
		0B3FEC172C54CFE400C555CB /* GoogleSignIn */ = {
			isa = XCSwiftPackageProductDependency;
			package = 0B3FEC162C54CFE400C555CB /* XCRemoteSwiftPackageReference "GoogleSignIn-iOS" */;
			productName = GoogleSignIn;
		};
		0B3FEC192C54CFE400C555CB /* GoogleSignInSwift */ = {
			isa = XCSwiftPackageProductDependency;
			package = 0B3FEC162C54CFE400C555CB /* XCRemoteSwiftPackageReference "GoogleSignIn-iOS" */;
			productName = GoogleSignInSwift;
		};
		0BD423E02C4E219E005E4D63 /* FirebaseAnalytics */ = {
			isa = XCSwiftPackageProductDependency;
			package = 0BD423DF2C4E219E005E4D63 /* XCRemoteSwiftPackageReference "firebase-ios-sdk" */;
			productName = FirebaseAnalytics;
		};
		0BD423EB2C4E21D0005E4D63 /* FirebaseAuth */ = {
			isa = XCSwiftPackageProductDependency;
			package = 0BD423DF2C4E219E005E4D63 /* XCRemoteSwiftPackageReference "firebase-ios-sdk" */;
			productName = FirebaseAuth;
		};
		0BD423ED2C4E21D0005E4D63 /* FirebaseFirestore */ = {
			isa = XCSwiftPackageProductDependency;
			package = 0BD423DF2C4E219E005E4D63 /* XCRemoteSwiftPackageReference "firebase-ios-sdk" */;
			productName = FirebaseFirestore;
		};
/* End XCSwiftPackageProductDependency section */
	};
	rootObject = 0BC977B92C4E1DF600BE0EC1 /* Project object */;
}
